
Microsoft Visual Studio Solution File, Format Version 12.00
# Visual Studio 15
VisualStudioVersion = 15.0.26124.0
MinimumVisualStudioVersion = 15.0.26124.0
Project("{9A19103F-16F7-4668-BE54-9A1E7A4F7556}") = "CorpinatorBot", "CorpinatorBot\CorpinatorBot.csproj", "{AA5003F6-EF9B-472F-B2E8-35F48DEB808D}"
EndProject
Global
	GlobalSection(SolutionConfigurationPlatforms) = preSolution
		Debug|Any CPU = Debug|Any CPU
		Release|Any CPU = Release|Any CPU
	EndGlobalSection
	GlobalSection(ProjectConfigurationPlatforms) = postSolution
		{AA5003F6-EF9B-472F-B2E8-35F48DEB808D}.Debug|Any CPU.ActiveCfg = Debug|Any CPU
		{AA5003F6-EF9B-472F-B2E8-35F48DEB808D}.Debug|Any CPU.Build.0 = Debug|Any CPU
		{AA5003F6-EF9B-472F-B2E8-35F48DEB808D}.Release|Any CPU.ActiveCfg = Release|Any CPU
		{AA5003F6-EF9B-472F-B2E8-35F48DEB808D}.Release|Any CPU.Build.0 = Release|Any CPU
	EndGlobalSection
	GlobalSection(SolutionProperties) = preSolution
		HideSolutionNode = FALSE
	EndGlobalSection
	GlobalSection(ExtensibilityGlobals) = postSolution
		SolutionGuid = {B138AC72-BA3D-4D83-B13B-7441B28621CF}
	EndGlobalSection
EndGlobal
